
Microsoft Visual Studio Solution File, Format Version 12.00
# Visual Studio Version 16
VisualStudioVersion = 16.0.30204.135
MinimumVisualStudioVersion = 10.0.40219.1
Project("{FAE04EC0-301F-11D3-BF4B-00C04F79EFBC}") = "EntityFramewrokDemo-InCore", "EntityFramewrokDemo-InCore\EntityFramewrokDemo-InCore.csproj", "{C3728B52-EA16-4ED3-A171-78C68605A020}"
EndProject
Global
	GlobalSection(SolutionConfigurationPlatforms) = preSolution
		Debug|Any CPU = Debug|Any CPU
		Release|Any CPU = Release|Any CPU
	EndGlobalSection
	GlobalSection(ProjectConfigurationPlatforms) = postSolution
		{C3728B52-EA16-4ED3-A171-78C68605A020}.Debug|Any CPU.ActiveCfg = Debug|Any CPU
		{C3728B52-EA16-4ED3-A171-78C68605A020}.Debug|Any CPU.Build.0 = Debug|Any CPU
		{C3728B52-EA16-4ED3-A171-78C68605A020}.Release|Any CPU.ActiveCfg = Release|Any CPU
		{C3728B52-EA16-4ED3-A171-78C68605A020}.Release|Any CPU.Build.0 = Release|Any CPU
	EndGlobalSection
	GlobalSection(SolutionProperties) = preSolution
		HideSolutionNode = FALSE
	EndGlobalSection
	GlobalSection(ExtensibilityGlobals) = postSolution
		SolutionGuid = {8F0D0AD0-4057-45CB-B4F1-48841B5E5B22}
	EndGlobalSection
EndGlobal
